<?xml version="1.0" encoding="utf-8"?>
<Project ToolsVersion="4.0" xmlns="http://schemas.microsoft.com/developer/msbuild/2003">
  <ItemGroup>
    <Filter Include="Source Files">
      <UniqueIdentifier>{4FC737F1-C7A5-4376-A066-2A32D752A2FF}</UniqueIdentifier>
      <Extensions>cpp;c;cc;cxx;c++;cppm;ixx;def;odl;idl;hpj;bat;asm;asmx</Extensions>
    </Filter>
    <Filter Include="Header Files">
      <UniqueIdentifier>{93995380-89BD-4b04-88EB-625FBE52EBFB}</UniqueIdentifier>
      <Extensions>h;hh;hpp;hxx;h++;hm;inl;inc;ipp;xsd</Extensions>
    </Filter>
    <Filter Include="Resource Files">
      <UniqueIdentifier>{67DA6AB6-F800-4c08-8B7A-83BB121AAD01}</UniqueIdentifier>
      <Extensions>rc;ico;cur;bmp;dlg;rc2;rct;bin;rgs;gif;jpg;jpeg;jpe;resx;tiff;tif;png;wav;mfcribbon-ms</Extensions>
    </Filter>
    <Filter Include="exampleASM">
      <UniqueIdentifier>{66adcfc2-377b-4489-aa8a-1f276d6f59b4}</UniqueIdentifier>
    </Filter>
  </ItemGroup>
  <ItemGroup>
    <ClInclude Include="src\memory_bank.h">
      <Filter>Source Files</Filter>
    </ClInclude>
    <ClInclude Include="src\CDC_160.h">
      <Filter>Source Files</Filter>
    </ClInclude>
    <ClInclude Include="src\op_code_enum.h">
      <Filter>Source Files</Filter>
    </ClInclude>
    <ClInclude Include="src\processor.h">
      <Filter>Source Files</Filter>
    </ClInclude>
    <ClInclude Include="src\word_6.h">
      <Filter>Source Files</Filter>
    </ClInclude>
    <ClInclude Include="src\word_12.h">
      <Filter>Source Files</Filter>
    </ClInclude>
    <ClInclude Include="src\twos_and_ones_complement_conversions.h">
      <Filter>Source Files</Filter>
    </ClInclude>
    <ClInclude Include="src\function_dur_table.h">
      <Filter>Source Files</Filter>
    </ClInclude>
    <ClInclude Include="src\CDC_607_tape_drive.h">
      <Filter>Source Files</Filter>
    </ClInclude>
    <ClInclude Include="src\ferrranti_photoelectric_reader.h">
      <Filter>Source Files</Filter>
    </ClInclude>
    <ClInclude Include="src\teletype_model_BRPE.h">
      <Filter>Source Files</Filter>
    </ClInclude>
    <ClInclude Include="src\paper_tape.h">
      <Filter>Source Files</Filter>
    </ClInclude>
    <ClInclude Include="src\mag_tape.h">
      <Filter>Source Files</Filter>
    </ClInclude>
    <ClInclude Include="src\sleep_ms.h">
      <Filter>Source Files</Filter>
    </ClInclude>
    <ClInclude Include="src\sleep_us.h">
      <Filter>Source Files</Filter>
    </ClInclude>
    <ClInclude Include="cthreads.h" />
    <ClInclude Include="src\asmToTape.h">
      <Filter>Source Files</Filter>
    </ClInclude>
    <ClInclude Include="src\getTickCount.h">
      <Filter>Source Files</Filter>
    </ClInclude>
  </ItemGroup>
  <ItemGroup>
    <ClCompile Include="r2.c" />
    <ClCompile Include="src\processor.c">
      <Filter>Source Files</Filter>
    </ClCompile>
    <ClCompile Include="src\paper_tape.c">
      <Filter>Source Files</Filter>
    </ClCompile>
    <ClCompile Include="src\teletype_model_BRPE.c">
      <Filter>Source Files</Filter>
    </ClCompile>
    <ClCompile Include="cthreads.c" />
    <ClCompile Include="src\ferranti_photoelectric_reader.c">
      <Filter>Source Files</Filter>
    </ClCompile>
    <ClCompile Include="src\asmToTape.c">
      <Filter>Source Files</Filter>
    </ClCompile>
    <ClCompile Include="r1.c" />
    <ClCompile Include="src\cdc160.c">
      <Filter>Source Files</Filter>
    </ClCompile>
  </ItemGroup>
  <ItemGroup>
    <None Include="exampleASM\Routine2.asm">
      <Filter>exampleASM</Filter>
    </None>
    <None Include="exampleASM\Routine1.asm">
      <Filter>exampleASM</Filter>
    </None>
    <None Include="exampleASM\Routine1.asm.tape">
      <Filter>exampleASM</Filter>
    </None>
    <None Include="exampleASM\IntegerMultiplication.asm">
      <Filter>exampleASM</Filter>
    </None>
  </ItemGroup>
</Project>